{
  "name": "http",
  "version": "1.0.0",
  "lockfileVersion": 3,
  "requires": true,
  "packages": {
    "": {
      "name": "http",
      "version": "1.0.0",
      "license": "ISC",
      "dependencies": {
        "bootstrap": "^5.3.3",
        "load": "^1.0.2",
        "shell": "^0.9.6"
      }
    },
    "node_modules/@popperjs/core": {
      "version": "2.11.8",
      "resolved": "https://registry.npmjs.org/@popperjs/core/-/core-2.11.8.tgz",
      "integrity": "sha512-P1st0aksCrn9sGZhp8GMYwBnQsbvAWsZAX44oXNNvLHGqAOcoVxmjZiohstwQ7SqKnbR47akdNi+uleWD8+g6A==",
      "peer": true,
      "funding": {
        "type": "opencollective",
        "url": "https://opencollective.com/popperjs"
      }
    },
    "node_modules/bootstrap": {
      "version": "5.3.3",
      "resolved": "https://registry.npmjs.org/bootstrap/-/bootstrap-5.3.3.tgz",
      "integrity": "sha512-8HLCdWgyoMguSO9o+aH+iuZ+aht+mzW0u3HIMzVu7Srrpv7EBBxTnrFlSCskwdY1+EOFQSm7uMJhNQHkdPcmjg==",
      "funding": [
        {
          "type": "github",
          "url": "https://github.com/sponsors/twbs"
        },
        {
          "type": "opencollective",
          "url": "https://opencollective.com/bootstrap"
        }
      ],
      "peerDependencies": {
        "@popperjs/core": "^2.11.8"
      }
    },
    "node_modules/clone": {
      "version": "1.0.4",
      "resolved": "https://registry.npmjs.org/clone/-/clone-1.0.4.tgz",
      "integrity": "sha512-JQHZ2QMW6l3aH/j6xCqQThY/9OH4D/9ls34cgkUBiEeocRTU04tHfKPBsUK1PqZCUQM7GiA0IIXJSuXHI64Kbg==",
      "engines": {
        "node": ">=0.8"
      }
    },
    "node_modules/defaults": {
      "version": "1.0.4",
      "resolved": "https://registry.npmjs.org/defaults/-/defaults-1.0.4.tgz",
      "integrity": "sha512-eFuaLoy/Rxalv2kr+lqMlUnrDWV+3j4pljOIJgLIhI058IQfWJ7vXhyEIHu+HtC738klGALYxOKDO0bQP3tg8A==",
      "dependencies": {
        "clone": "^1.0.2"
      },
      "funding": {
        "url": "https://github.com/sponsors/sindresorhus"
      }
    },
    "node_modules/load": {
      "version": "1.0.2",
      "resolved": "https://registry.npmjs.org/load/-/load-1.0.2.tgz",
      "integrity": "sha512-TvoiRi3inf1SBndL7P7l6i+cVSsRyLXiy0Va6F/TDf704UOeJxs5j/HmvE7bW32u4wEZg8PjLa/PfYN8NzuDyQ=="
    },
    "node_modules/mixme": {
      "version": "1.1.0",
      "resolved": "https://registry.npmjs.org/mixme/-/mixme-1.1.0.tgz",
      "integrity": "sha512-FW2NBoUT8Klu+ZORq7SV7QKRjOZIpn2zSVVzZeADydewZpQhHy1wem04FDuz9RJCvUkjUPRdrsWt1Hia6x6cRw==",
      "engines": {
        "node": ">= 8.0.0"
      }
    },
    "node_modules/pad": {
      "version": "3.2.0",
      "resolved": "https://registry.npmjs.org/pad/-/pad-3.2.0.tgz",
      "integrity": "sha512-2u0TrjcGbOjBTJpyewEl4hBO3OeX5wWue7eIFPzQTg6wFSvoaHcBTTUY5m+n0hd04gmTCPuY0kCpVIVuw5etwg==",
      "dependencies": {
        "wcwidth": "^1.0.1"
      },
      "engines": {
        "node": ">= 4.0.0"
      }
    },
    "node_modules/plug-and-play": {
      "version": "2.5.8",
      "resolved": "https://registry.npmjs.org/plug-and-play/-/plug-and-play-2.5.8.tgz",
      "integrity": "sha512-R7vbo+8O3kkPQGqIy44C4LBRB5Rhgg3U/6QCy0AqKEofoampqfVB7fgxzzgOd/OJh0boabjZy37LqGqDmXseKg==",
      "dependencies": {
        "mixme": "^1.1.0",
        "toposort": "^2.0.2"
      }
    },
    "node_modules/shell": {
      "version": "0.9.6",
      "resolved": "https://registry.npmjs.org/shell/-/shell-0.9.6.tgz",
      "integrity": "sha512-m8swPcLfkLl/rwPrmAgSSwhu6xYFCONzuWN/XFwpidaYRH9/b3DlBsWkbMWjNMJZMi6oJjAZ/+Igq4/ze8QZmQ==",
      "dependencies": {
        "mixme": "^1.1.0",
        "pad": "^3.2.0",
        "plug-and-play": "^2.5.8"
      },
      "engines": {
        "node": ">= 0.10.x"
      }
    },
    "node_modules/toposort": {
      "version": "2.0.2",
      "resolved": "https://registry.npmjs.org/toposort/-/toposort-2.0.2.tgz",
      "integrity": "sha512-0a5EOkAUp8D4moMi2W8ZF8jcga7BgZd91O/yabJCFY8az+XSzeGyTKs0Aoo897iV1Nj6guFq8orWDS96z91oGg=="
    },
    "node_modules/wcwidth": {
      "version": "1.0.1",
      "resolved": "https://registry.npmjs.org/wcwidth/-/wcwidth-1.0.1.tgz",
      "integrity": "sha512-XHPEwS0q6TaxcvG85+8EYkbiCux2XtWG2mkc47Ng2A77BQu9+DqIOJldST4HgPkuea7dvKSj5VgX3P1d4rW8Tg==",
      "dependencies": {
        "defaults": "^1.0.3"
      }
    }
  }
}
